// !$*UTF8*$!
{
	archiveVersion = 1;
	classes = {
	};
	objectVersion = 77;
	objects = {

/* Begin PBXBuildFile section */
		92411846305D909700D25A71 /* Storage in Frameworks */ = {isa = PBXBuildFile; productRef = 92411845305D909700D25A71 /* Storage */; };
		92411848305DB6B100D25A71 /* LICENSE in Resources */ = {isa = PBXBuildFile; fileRef = 92411847305DB6AC00D25A71 /* LICENSE */; };
		924E279C305B111500654994 /* README.md in Resources */ = {isa = PBXBuildFile; fileRef = 924E279B305B111000654994 /* README.md */; };
		92EC38D9305C0C1100B52EB2 /* .gitignore in Resources */ = {isa = PBXBuildFile; fileRef = 92EC3848305C0C1100B52EB2 /* .gitignore */; };
		92EC38E1305C450C00B52EB2 /* Auth in Frameworks */ = {isa = PBXBuildFile; productRef = 92EC38E0305C450C00B52EB2 /* Auth */; };
		92EC38E3305C450C00B52EB2 /* PostgREST in Frameworks */ = {isa = PBXBuildFile; productRef = 92EC38E2305C450C00B52EB2 /* PostgREST */; };
		92EC38E5305C450C00B52EB2 /* Realtime in Frameworks */ = {isa = PBXBuildFile; productRef = 92EC38E4305C450C00B52EB2 /* Realtime */; };
		92EC38EE305C603E00B52EB2 /* Supabase in Frameworks */ = {isa = PBXBuildFile; productRef = 92EC38ED305C603E00B52EB2 /* Supabase */; };
/* End PBXBuildFile section */

/* Begin PBXFileReference section */
		9220EFA43058595900D64009 /* GeoRemind.app */ = {isa = PBXFileReference; explicitFileType = wrapper.application; includeInIndex = 0; path = GeoRemind.app; sourceTree = BUILT_PRODUCTS_DIR; };
		92411847305DB6AC00D25A71 /* LICENSE */ = {isa = PBXFileReference; lastKnownFileType = text; path = LICENSE; sourceTree = "<group>"; };
		924E279B305B111000654994 /* README.md */ = {isa = PBXFileReference; lastKnownFileType = net.daringfireball.markdown; path = README.md; sourceTree = "<group>"; };
		92EC3848305C0C1100B52EB2 /* .gitignore */ = {isa = PBXFileReference; lastKnownFileType = text; path = .gitignore; sourceTree = "<group>"; };
/* End PBXFileReference section */

/* Begin PBXFileSystemSynchronizedBuildFileExceptionSet section */
		9220EFD530586AE100D64009 /* Exceptions for "GeoRemind" folder in "GeoRemind" target */ = {
			isa = PBXFileSystemSynchronizedBuildFileExceptionSet;
			membershipExceptions = (
				Info.plist,
			);
			target = 9220EFA33058595900D64009 /* GeoRemind */;
		};
/* End PBXFileSystemSynchronizedBuildFileExceptionSet section */

/* Begin PBXFileSystemSynchronizedRootGroup section */
		9220EFA63058595900D64009 /* GeoRemind */ = {
			isa = PBXFileSystemSynchronizedRootGroup;
			exceptions = (
				9220EFD530586AE100D64009 /* Exceptions for "GeoRemind" folder in "GeoRemind" target */,
			);
			path = GeoRemind;
			sourceTree = "<group>";
		};
/* End PBXFileSystemSynchronizedRootGroup section */

/* Begin PBXFrameworksBuildPhase section */
		9220EFA13058595900D64009 /* Frameworks */ = {
			isa = PBXFrameworksBuildPhase;
			buildActionMask = 2147483647;
			files = (
				92EC38EE305C603E00B52EB2 /* Supabase in Frameworks */,
				92EC38E5305C450C00B52EB2 /* Realtime in Frameworks */,
				92EC38E3305C450C00B52EB2 /* PostgREST in Frameworks */,
				92411846305D909700D25A71 /* Storage in Frameworks */,
				92EC38E1305C450C00B52EB2 /* Auth in Frameworks */,
			);
			runOnlyForDeploymentPostprocessing = 0;
		};
/* End PBXFrameworksBuildPhase section */

/* Begin PBXGroup section */
		9220EF9B3058595900D64009 = {
			isa = PBXGroup;
			children = (
				9220EFA63058595900D64009 /* GeoRemind */,
				9220EFA53058595900D64009 /* Products */,
				924E279B305B111000654994 /* README.md */,
				92411847305DB6AC00D25A71 /* LICENSE */,
				92EC3848305C0C1100B52EB2 /* .gitignore */,
				92EC38EC305C603E00B52EB2 /* Frameworks */,
			);
			sourceTree = "<group>";
		};
		9220EFA53058595900D64009 /* Products */ = {
			isa = PBXGroup;
			children = (
				9220EFA43058595900D64009 /* GeoRemind.app */,
			);
			name = Products;
			sourceTree = "<group>";
		};
		92EC38EC305C603E00B52EB2 /* Frameworks */ = {
			isa = PBXGroup;
			children = (
			);
			name = Frameworks;
			sourceTree = "<group>";
		};
/* End PBXGroup section */

/* Begin PBXNativeTarget section */
		9220EFA33058595900D64009 /* GeoRemind */ = {
			isa = PBXNativeTarget;
			buildConfigurationList = 9220EFB13058595A00D64009 /* Build configuration list for PBXNativeTarget "GeoRemind" */;
			buildPhases = (
				9220EFA03058595900D64009 /* Sources */,
				9220EFA13058595900D64009 /* Frameworks */,
				9220EFA23058595900D64009 /* Resources */,
			);
			buildRules = (
			);
			dependencies = (
			);
			fileSystemSynchronizedGroups = (
				9220EFA63058595900D64009 /* GeoRemind */,
			);
			name = GeoRemind;
			packageProductDependencies = (
				92EC38E0305C450C00B52EB2 /* Auth */,
				92EC38E2305C450C00B52EB2 /* PostgREST */,
				92EC38E4305C450C00B52EB2 /* Realtime */,
				92EC38ED305C603E00B52EB2 /* Supabase */,
				92411845305D909700D25A71 /* Storage */,
			);
			productName = GeoRemind;
			productReference = 9220EFA43058595900D64009 /* GeoRemind.app */;
			productType = "com.apple.product-type.application";
		};
/* End PBXNativeTarget section */

/* Begin PBXProject section */
		9220EF9C3058595900D64009 /* Project object */ = {
			isa = PBXProject;
			attributes = {
				BuildIndependentTargetsInParallel = 1;
				LastSwiftUpdateCheck = 2660;
				LastUpgradeCheck = 2700;
				TargetAttributes = {
					9220EFA33058595900D64009 = {
						CreatedOnToolsVersion = 26.6;
					};
				};
			};
			buildConfigurationList = 9220EF9F3058595900D64009 /* Build configuration list for PBXProject "GeoRemind" */;
			developmentRegion = en;
			hasScannedForEncodings = 0;
			knownRegions = (
				en,
				Base,
			);
			mainGroup = 9220EF9B3058595900D64009;
			minimizedProjectReferenceProxies = 1;
			packageReferences = (
				92EC38DF305C450C00B52EB2 /* XCRemoteSwiftPackageReference "supabase-swift" */,
			);
			preferredProjectObjectVersion = 77;
			productRefGroup = 9220EFA53058595900D64009 /* Products */;
			projectDirPath = "";
			projectRoot = "";
			targets = (
				9220EFA33058595900D64009 /* GeoRemind */,
			);
		};
/* End PBXProject section */

/* Begin PBXResourcesBuildPhase section */
		9220EFA23058595900D64009 /* Resources */ = {
			isa = PBXResourcesBuildPhase;
			buildActionMask = 2147483647;
			files = (
				924E279C305B111500654994 /* README.md in Resources */,
				92EC38D9305C0C1100B52EB2 /* .gitignore in Resources */,
				92411848305DB6B100D25A71 /* LICENSE in Resources */,
			);
			runOnlyForDeploymentPostprocessing = 0;
		};
/* End PBXResourcesBuildPhase section */

/* Begin PBXSourcesBuildPhase section */
		9220EFA03058595900D64009 /* Sources */ = {
			isa = PBXSourcesBuildPhase;
			buildActionMask = 2147483647;
			files = (
			);
			runOnlyForDeploymentPostprocessing = 0;
		};
/* End PBXSourcesBuildPhase section */

/* Begin XCBuildConfiguration section */
		9220EFAF3058595A00D64009 /* Debug */ = {
			isa = XCBuildConfiguration;
			buildSettings = {
				ALWAYS_SEARCH_USER_PATHS = NO;
				ASSETCATALOG_COMPILER_GENERATE_SWIFT_ASSET_SYMBOL_EXTENSIONS = YES;
				CLANG_ANALYZER_NONNULL = YES;
				CLANG_ANALYZER_NUMBER_OBJECT_CONVERSION = YES_AGGRESSIVE;
				CLANG_CXX_LANGUAGE_STANDARD = "gnu++20";
				CLANG_ENABLE_MODULES = YES;
				CLANG_ENABLE_OBJC_ARC = YES;
				CLANG_ENABLE_OBJC_WEAK = YES;
				CLANG_WARN_BLOCK_CAPTURE_AUTORELEASING = YES;
				CLANG_WARN_BOOL_CONVERSION = YES;
				CLANG_WARN_COMMA = YES;
				CLANG_WARN_CONSTANT_CONVERSION = YES;
				CLANG_WARN_DEPRECATED_OBJC_IMPLEMENTATIONS = YES;
				CLANG_WARN_DIRECT_OBJC_ISA_USAGE = YES_ERROR;
				CLANG_WARN_DOCUMENTATION_COMMENTS = YES;
				CLANG_WARN_EMPTY_BODY = YES;
				CLANG_WARN_ENUM_CONVERSION = YES;
				CLANG_WARN_INFINITE_RECURSION = YES;
				CLANG_WARN_INT_CONVERSION = YES;
				CLANG_WARN_NON_LITERAL_NULL_CONVERSION = YES;
				CLANG_WARN_OBJC_IMPLICIT_RETAIN_SELF = YES;
				CLANG_WARN_OBJC_LITERAL_CONVERSION = YES;
				CLANG_WARN_OBJC_ROOT_CLASS = YES_ERROR;
				CLANG_WARN_QUOTED_INCLUDE_IN_FRAMEWORK_HEADER = YES;
				CLANG_WARN_RANGE_LOOP_ANALYSIS = YES;
				CLANG_WARN_STRICT_PROTOTYPES = YES;
				CLANG_WARN_SUSPICIOUS_MOVE = YES;
				CLANG_WARN_UNGUARDED_AVAILABILITY = YES_AGGRESSIVE;
				CLANG_WARN_UNREACHABLE_CODE = YES;
				CLANG_WARN__DUPLICATE_METHOD_MATCH = YES;
				COPY_PHASE_STRIP = NO;
				DEBUG_INFORMATION_FORMAT = dwarf;
				DEVELOPMENT_TEAM = Q2687W8LS3;
				ENABLE_STRICT_OBJC_MSGSEND = YES;
				ENABLE_TESTABILITY = YES;
				ENABLE_USER_SCRIPT_SANDBOXING = YES;
				GCC_C_LANGUAGE_STANDARD = gnu17;
				GCC_DYNAMIC_NO_PIC = NO;
				GCC_NO_COMMON_BLOCKS = YES;
				GCC_OPTIMIZATION_LEVEL = 0;
				GCC_PREPROCESSOR_DEFINITIONS = (
					"DEBUG=1",
					"$(inherited)",
				);
				GCC_WARN_64_TO_32_BIT_CONVERSION = YES;
				GCC_WARN_ABOUT_RETURN_TYPE = YES_ERROR;
				GCC_WARN_UNDECLARED_SELECTOR = YES;
				GCC_WARN_UNINITIALIZED_AUTOS = YES_AGGRESSIVE;
				GCC_WARN_UNUSED_FUNCTION = YES;
				GCC_WARN_UNUSED_VARIABLE = YES;
				IPHONEOS_DEPLOYMENT_TARGET = 26.5;
				LOCALIZATION_PREFERS_STRING_CATALOGS = YES;
				MTL_ENABLE_DEBUG_INFO = INCLUDE_SOURCE;
				MTL_FAST_MATH = YES;
				ONLY_ACTIVE_ARCH = NO;
				SDKROOT = iphoneos;
				STRING_CATALOG_GENERATE_SYMBOLS = YES;
				SWIFT_ACTIVE_COMPILATION_CONDITIONS = "DEBUG $(inherited)";
				SWIFT_OPTIMIZATION_LEVEL = "-Onone";
			};
			name = Debug;
		};
		9220EFB03058595A00D64009 /* Release */ = {
			isa = XCBuildConfiguration;
			buildSettings = {
				ALWAYS_SEARCH_USER_PATHS = NO;
				ASSETCATALOG_COMPILER_GENERATE_SWIFT_ASSET_SYMBOL_EXTENSIONS = YES;
				CLANG_ANALYZER_NONNULL = YES;
				CLANG_ANALYZER_NUMBER_OBJECT_CONVERSION = YES_AGGRESSIVE;
				CLANG_CXX_LANGUAGE_STANDARD = "gnu++20";
				CLANG_ENABLE_MODULES = YES;
				CLANG_ENABLE_OBJC_ARC = YES;
				CLANG_ENABLE_OBJC_WEAK = YES;
				CLANG_WARN_BLOCK_CAPTURE_AUTORELEASING = YES;
				CLANG_WARN_BOOL_CONVERSION = YES;
				CLANG_WARN_COMMA = YES;
				CLANG_WARN_CONSTANT_CONVERSION = YES;
				CLANG_WARN_DEPRECATED_OBJC_IMPLEMENTATIONS = YES;
				CLANG_WARN_DIRECT_OBJC_ISA_USAGE = YES_ERROR;
				CLANG_WARN_DOCUMENTATION_COMMENTS = YES;
				CLANG_WARN_EMPTY_BODY = YES;
				CLANG_WARN_ENUM_CONVERSION = YES;
				CLANG_WARN_INFINITE_RECURSION = YES;
				CLANG_WARN_INT_CONVERSION = YES;
				CLANG_WARN_NON_LITERAL_NULL_CONVERSION = YES;
				CLANG_WARN_OBJC_IMPLICIT_RETAIN_SELF = YES;
				CLANG_WARN_OBJC_LITERAL_CONVERSION = YES;
				CLANG_WARN_OBJC_ROOT_CLASS = YES_ERROR;
				CLANG_WARN_QUOTED_INCLUDE_IN_FRAMEWORK_HEADER = YES;
				CLANG_WARN_RANGE_LOOP_ANALYSIS = YES;
				CLANG_WARN_STRICT_PROTOTYPES = YES;
				CLANG_WARN_SUSPICIOUS_MOVE = YES;
				CLANG_WARN_UNGUARDED_AVAILABILITY = YES_AGGRESSIVE;
				CLANG_WARN_UNREACHABLE_CODE = YES;
				CLANG_WARN__DUPLICATE_METHOD_MATCH = YES;
				COPY_PHASE_STRIP = NO;
				DEBUG_INFORMATION_FORMAT = "dwarf-with-dsym";
				DEVELOPMENT_TEAM = Q2687W8LS3;
				ENABLE_NS_ASSERTIONS = NO;
				ENABLE_STRICT_OBJC_MSGSEND = YES;
				ENABLE_USER_SCRIPT_SANDBOXING = YES;
				GCC_C_LANGUAGE_STANDARD = gnu17;
				GCC_NO_COMMON_BLOCKS = YES;
				GCC_WARN_64_TO_32_BIT_CONVERSION = YES;
				GCC_WARN_ABOUT_RETURN_TYPE = YES_ERROR;
				GCC_WARN_UNDECLARED_SELECTOR = YES;
				GCC_WARN_UNINITIALIZED_AUTOS = YES_AGGRESSIVE;
				GCC_WARN_UNUSED_FUNCTION = YES;
				GCC_WARN_UNUSED_VARIABLE = YES;
				IPHONEOS_DEPLOYMENT_TARGET = 26.5;
				LOCALIZATION_PREFERS_STRING_CATALOGS = YES;
				MTL_ENABLE_DEBUG_INFO = NO;
				MTL_FAST_MATH = YES;
				ONLY_ACTIVE_ARCH = YES;
				SDKROOT = iphoneos;
				STRING_CATALOG_GENERATE_SYMBOLS = YES;
				SWIFT_COMPILATION_MODE = wholemodule;
				VALIDATE_PRODUCT = YES;
			};
			name = Release;
		};
		9220EFB23058595A00D64009 /* Debug */ = {
			isa = XCBuildConfiguration;
			buildSettings = {
				ASSETCATALOG_COMPILER_APPICON_NAME = AppIcon;
				ASSETCATALOG_COMPILER_GLOBAL_ACCENT_COLOR_NAME = AccentColor;
				ASSETCATALOG_COMPILER_INCLUDE_ALL_APPICON_ASSETS = NO;
				CODE_SIGN_STYLE = Automatic;
				CURRENT_PROJECT_VERSION = 1;
				DEVELOPMENT_TEAM = Q2687W8LS3;
				ENABLE_PREVIEWS = YES;
				GENERATE_INFOPLIST_FILE = YES;
				INFOPLIST_FILE = GeoRemind/Info.plist;
				INFOPLIST_KEY_CFBundleDisplayName = GeoRemind;
				INFOPLIST_KEY_LSApplicationCategoryType = "public.app-category.utilities";
				INFOPLIST_KEY_NSHumanReadableCopyright = "";
				INFOPLIST_KEY_NSLocationAlwaysAndWhenInUseUsageDescription = "\"We use your location for showing your georeminder pins.\"";
				INFOPLIST_KEY_NSLocationWhenInUseUsageDescription = "\"We use your location for showing your georeminder pins.\"";
				INFOPLIST_KEY_UIApplicationSceneManifest_Generation = YES;
				INFOPLIST_KEY_UIApplicationSupportsIndirectInputEvents = YES;
				INFOPLIST_KEY_UILaunchScreen_Generation = YES;
				INFOPLIST_KEY_UISupportedInterfaceOrientations = UIInterfaceOrientationPortrait;
				IPHONEOS_DEPLOYMENT_TARGET = 26.5;
				LD_RUNPATH_SEARCH_PATHS = (
					"$(inherited)",
					"@executable_path/Frameworks",
				);
				MARKETING_VERSION = 2026.9.18;
				PRODUCT_BUNDLE_IDENTIFIER = drclcomputers.GeoRemind;
				PRODUCT_NAME = "$(TARGET_NAME)";
				STRING_CATALOG_GENERATE_SYMBOLS = YES;
				SWIFT_APPROACHABLE_CONCURRENCY = YES;
				SWIFT_DEFAULT_ACTOR_ISOLATION = MainActor;
				SWIFT_EMIT_LOC_STRINGS = YES;
				SWIFT_UPCOMING_FEATURE_MEMBER_IMPORT_VISIBILITY = YES;
				SWIFT_VERSION = 5.0;
				TARGETED_DEVICE_FAMILY = "1,2";
			};
			name = Debug;
		};
		9220EFB33058595A00D64009 /* Release */ = {
			isa = XCBuildConfiguration;
			buildSettings = {
				ASSETCATALOG_COMPILER_APPICON_NAME = AppIcon;
				ASSETCATALOG_COMPILER_GLOBAL_ACCENT_COLOR_NAME = AccentColor;
				ASSETCATALOG_COMPILER_INCLUDE_ALL_APPICON_ASSETS = NO;
				CODE_SIGN_STYLE = Automatic;
				CURRENT_PROJECT_VERSION = 1;
				DEVELOPMENT_TEAM = Q2687W8LS3;
				ENABLE_PREVIEWS = YES;
				GENERATE_INFOPLIST_FILE = YES;
				INFOPLIST_FILE = GeoRemind/Info.plist;
				INFOPLIST_KEY_CFBundleDisplayName = GeoRemind;
				INFOPLIST_KEY_LSApplicationCategoryType = "public.app-category.utilities";
				INFOPLIST_KEY_NSHumanReadableCopyright = "";
				INFOPLIST_KEY_NSLocationAlwaysAndWhenInUseUsageDescription = "\"We use your location for showing your georeminder pins.\"";
				INFOPLIST_KEY_NSLocationWhenInUseUsageDescription = "\"We use your location for showing your georeminder pins.\"";
				INFOPLIST_KEY_UIApplicationSceneManifest_Generation = YES;
				INFOPLIST_KEY_UIApplicationSupportsIndirectInputEvents = YES;
				INFOPLIST_KEY_UILaunchScreen_Generation = YES;
				INFOPLIST_KEY_UISupportedInterfaceOrientations = UIInterfaceOrientationPortrait;
				IPHONEOS_DEPLOYMENT_TARGET = 26.5;
				LD_RUNPATH_SEARCH_PATHS = (
					"$(inherited)",
					"@executable_path/Frameworks",
				);
				MARKETING_VERSION = 2026.9.18;
				PRODUCT_BUNDLE_IDENTIFIER = drclcomputers.GeoRemind;
				PRODUCT_NAME = "$(TARGET_NAME)";
				STRING_CATALOG_GENERATE_SYMBOLS = YES;
				SWIFT_APPROACHABLE_CONCURRENCY = YES;
				SWIFT_DEFAULT_ACTOR_ISOLATION = MainActor;
				SWIFT_EMIT_LOC_STRINGS = YES;
				SWIFT_UPCOMING_FEATURE_MEMBER_IMPORT_VISIBILITY = YES;
				SWIFT_VERSION = 5.0;
				TARGETED_DEVICE_FAMILY = "1,2";
			};
			name = Release;
		};
/* End XCBuildConfiguration section */

/* Begin XCConfigurationList section */
		9220EF9F3058595900D64009 /* Build configuration list for PBXProject "GeoRemind" */ = {
			isa = XCConfigurationList;
			buildConfigurations = (
				9220EFAF3058595A00D64009 /* Debug */,
				9220EFB03058595A00D64009 /* Release */,
			);
			defaultConfigurationIsVisible = 0;
			defaultConfigurationName = Release;
		};
		9220EFB13058595A00D64009 /* Build configuration list for PBXNativeTarget "GeoRemind" */ = {
			isa = XCConfigurationList;
			buildConfigurations = (
				9220EFB23058595A00D64009 /* Debug */,
				9220EFB33058595A00D64009 /* Release */,
			);
			defaultConfigurationIsVisible = 0;
			defaultConfigurationName = Release;
		};
/* End XCConfigurationList section */

/* Begin XCRemoteSwiftPackageReference section */
		92EC38DF305C450C00B52EB2 /* XCRemoteSwiftPackageReference "supabase-swift" */ = {
			isa = XCRemoteSwiftPackageReference;
			repositoryURL = "https://github.com/supabase/supabase-swift";
			requirement = {
				kind = upToNextMajorVersion;
				minimumVersion = 2.5.1;
			};
		};
/* End XCRemoteSwiftPackageReference section */

/* Begin XCSwiftPackageProductDependency section */
		92411845305D909700D25A71 /* Storage */ = {
			isa = XCSwiftPackageProductDependency;
			package = 92EC38DF305C450C00B52EB2 /* XCRemoteSwiftPackageReference "supabase-swift" */;
			productName = Storage;
		};
		92EC38E0305C450C00B52EB2 /* Auth */ = {
			isa = XCSwiftPackageProductDependency;
			package = 92EC38DF305C450C00B52EB2 /* XCRemoteSwiftPackageReference "supabase-swift" */;
			productName = Auth;
		};
		92EC38E2305C450C00B52EB2 /* PostgREST */ = {
			isa = XCSwiftPackageProductDependency;
			package = 92EC38DF305C450C00B52EB2 /* XCRemoteSwiftPackageReference "supabase-swift" */;
			productName = PostgREST;
		};
		92EC38E4305C450C00B52EB2 /* Realtime */ = {
			isa = XCSwiftPackageProductDependency;
			package = 92EC38DF305C450C00B52EB2 /* XCRemoteSwiftPackageReference "supabase-swift" */;
			productName = Realtime;
		};
		92EC38ED305C603E00B52EB2 /* Supabase */ = {
			isa = XCSwiftPackageProductDependency;
			package = 92EC38DF305C450C00B52EB2 /* XCRemoteSwiftPackageReference "supabase-swift" */;
			productName = Supabase;
		};
/* End XCSwiftPackageProductDependency section */
	};
	rootObject = 9220EF9C3058595900D64009 /* Project object */;
}
